
Microsoft Visual Studio Solution File, Format Version 12.00
# Visual Studio Version 16
VisualStudioVersion = 16.0.30523.141
MinimumVisualStudioVersion = 10.0.40219.1
Project("{FAE04EC0-301F-11D3-BF4B-00C04F79EFBC}") = "Example", "Example\Example.csproj", "{D1BAC16E-90BE-4164-B3C3-4F965926FE95}"
EndProject
Global
	GlobalSection(SolutionConfigurationPlatforms) = preSolution
		Debug|Any CPU = Debug|Any CPU
		Release|Any CPU = Release|Any CPU
	EndGlobalSection
	GlobalSection(ProjectConfigurationPlatforms) = postSolution
		{D1BAC16E-90BE-4164-B3C3-4F965926FE95}.Debug|Any CPU.ActiveCfg = Debug|Any CPU
		{D1BAC16E-90BE-4164-B3C3-4F965926FE95}.Debug|Any CPU.Build.0 = Debug|Any CPU
		{D1BAC16E-90BE-4164-B3C3-4F965926FE95}.Release|Any CPU.ActiveCfg = Release|Any CPU
		{D1BAC16E-90BE-4164-B3C3-4F965926FE95}.Release|Any CPU.Build.0 = Release|Any CPU
	EndGlobalSection
	GlobalSection(SolutionProperties) = preSolution
		HideSolutionNode = FALSE
	EndGlobalSection
	GlobalSection(ExtensibilityGlobals) = postSolution
		SolutionGuid = {17D29C23-D242-4851-A95B-870B39FBB3DD}
	EndGlobalSection
EndGlobal
